
Microsoft Visual Studio Solution File, Format Version 12.00
# Visual Studio Version 17
VisualStudioVersion = 17.0.31903.59
MinimumVisualStudioVersion = 10.0.40219.1
Project("{2150E333-8FDC-42A3-9474-1A3956D46DE8}") = "src", "src", "{2E2876E4-42A9-4ADC-B6B9-A3F9A8A44B58}"
EndProject
Project("{9A19103F-16F7-4668-BE54-9A1E7A4F7556}") = "Identity.API", "src\Identity.API\Identity.API.csproj", "{F281EA17-EC3C-4C0A-B500-01D2AC89008E}"
EndProject
Project("{9A19103F-16F7-4668-BE54-9A1E7A4F7556}") = "Ordering.API", "src\Ordering.API\Ordering.API.csproj", "{770F4952-F93B-4D12-AD7F-D5ABE07E6876}"
EndProject
Project("{9A19103F-16F7-4668-BE54-9A1E7A4F7556}") = "Gateway.API", "src\Gateway.API\Gateway.API.csproj", "{02F8AD89-0C95-4999-935E-326E94BB9C1F}"
EndProject
Project("{9A19103F-16F7-4668-BE54-9A1E7A4F7556}") = "ProductPreviewAPI", "src\ProductPreviewAPI\ProductPreviewAPI.csproj", "{9F0F9214-C1A5-4419-8B43-29656ECF4906}"
EndProject
Project("{54A90642-561A-4BB1-A94E-469ADEE60C69}") = "Dashboard", "src\Dashboard\Dashboard.esproj", "{F773F908-7B35-49FB-BE9F-36FDA618F291}"
EndProject
Project("{9A19103F-16F7-4668-BE54-9A1E7A4F7556}") = "ProductAPI", "src\ProductAPI\ProductAPI.csproj", "{B41E0AAE-853A-4367-BA8D-BBF265686BFD}"
EndProject
Global
	GlobalSection(SolutionConfigurationPlatforms) = preSolution
		Debug|Any CPU = Debug|Any CPU
		Release|Any CPU = Release|Any CPU
	EndGlobalSection
	GlobalSection(ProjectConfigurationPlatforms) = postSolution
		{F281EA17-EC3C-4C0A-B500-01D2AC89008E}.Debug|Any CPU.ActiveCfg = Debug|Any CPU
		{F281EA17-EC3C-4C0A-B500-01D2AC89008E}.Debug|Any CPU.Build.0 = Debug|Any CPU
		{F281EA17-EC3C-4C0A-B500-01D2AC89008E}.Release|Any CPU.ActiveCfg = Release|Any CPU
		{F281EA17-EC3C-4C0A-B500-01D2AC89008E}.Release|Any CPU.Build.0 = Release|Any CPU
		{770F4952-F93B-4D12-AD7F-D5ABE07E6876}.Debug|Any CPU.ActiveCfg = Debug|Any CPU
		{770F4952-F93B-4D12-AD7F-D5ABE07E6876}.Debug|Any CPU.Build.0 = Debug|Any CPU
		{770F4952-F93B-4D12-AD7F-D5ABE07E6876}.Release|Any CPU.ActiveCfg = Release|Any CPU
		{770F4952-F93B-4D12-AD7F-D5ABE07E6876}.Release|Any CPU.Build.0 = Release|Any CPU
		{02F8AD89-0C95-4999-935E-326E94BB9C1F}.Debug|Any CPU.ActiveCfg = Debug|Any CPU
		{02F8AD89-0C95-4999-935E-326E94BB9C1F}.Debug|Any CPU.Build.0 = Debug|Any CPU
		{02F8AD89-0C95-4999-935E-326E94BB9C1F}.Release|Any CPU.ActiveCfg = Release|Any CPU
		{02F8AD89-0C95-4999-935E-326E94BB9C1F}.Release|Any CPU.Build.0 = Release|Any CPU
		{9F0F9214-C1A5-4419-8B43-29656ECF4906}.Debug|Any CPU.ActiveCfg = Debug|Any CPU
		{9F0F9214-C1A5-4419-8B43-29656ECF4906}.Debug|Any CPU.Build.0 = Debug|Any CPU
		{9F0F9214-C1A5-4419-8B43-29656ECF4906}.Release|Any CPU.ActiveCfg = Release|Any CPU
		{9F0F9214-C1A5-4419-8B43-29656ECF4906}.Release|Any CPU.Build.0 = Release|Any CPU
		{F773F908-7B35-49FB-BE9F-36FDA618F291}.Debug|Any CPU.ActiveCfg = Debug|Any CPU
		{F773F908-7B35-49FB-BE9F-36FDA618F291}.Debug|Any CPU.Build.0 = Debug|Any CPU
		{F773F908-7B35-49FB-BE9F-36FDA618F291}.Debug|Any CPU.Deploy.0 = Debug|Any CPU
		{F773F908-7B35-49FB-BE9F-36FDA618F291}.Release|Any CPU.ActiveCfg = Release|Any CPU
		{F773F908-7B35-49FB-BE9F-36FDA618F291}.Release|Any CPU.Build.0 = Release|Any CPU
		{F773F908-7B35-49FB-BE9F-36FDA618F291}.Release|Any CPU.Deploy.0 = Release|Any CPU
		{B41E0AAE-853A-4367-BA8D-BBF265686BFD}.Debug|Any CPU.ActiveCfg = Debug|Any CPU
		{B41E0AAE-853A-4367-BA8D-BBF265686BFD}.Debug|Any CPU.Build.0 = Debug|Any CPU
		{B41E0AAE-853A-4367-BA8D-BBF265686BFD}.Release|Any CPU.ActiveCfg = Release|Any CPU
		{B41E0AAE-853A-4367-BA8D-BBF265686BFD}.Release|Any CPU.Build.0 = Release|Any CPU
	EndGlobalSection
	GlobalSection(SolutionProperties) = preSolution
		HideSolutionNode = FALSE
	EndGlobalSection
	GlobalSection(NestedProjects) = preSolution
		{F281EA17-EC3C-4C0A-B500-01D2AC89008E} = {2E2876E4-42A9-4ADC-B6B9-A3F9A8A44B58}
		{770F4952-F93B-4D12-AD7F-D5ABE07E6876} = {2E2876E4-42A9-4ADC-B6B9-A3F9A8A44B58}
		{02F8AD89-0C95-4999-935E-326E94BB9C1F} = {2E2876E4-42A9-4ADC-B6B9-A3F9A8A44B58}
		{9F0F9214-C1A5-4419-8B43-29656ECF4906} = {2E2876E4-42A9-4ADC-B6B9-A3F9A8A44B58}
		{F773F908-7B35-49FB-BE9F-36FDA618F291} = {2E2876E4-42A9-4ADC-B6B9-A3F9A8A44B58}
		{B41E0AAE-853A-4367-BA8D-BBF265686BFD} = {2E2876E4-42A9-4ADC-B6B9-A3F9A8A44B58}
	EndGlobalSection
	GlobalSection(ExtensibilityGlobals) = postSolution
		SolutionGuid = {FB75625A-90AF-4F22-B170-C33C6FC1D24C}
	EndGlobalSection
EndGlobal
